
Microsoft Visual Studio Solution File, Format Version 12.00
# Visual Studio Version 17
VisualStudioVersion = 17.8.34309.116
MinimumVisualStudioVersion = 10.0.40219.1
Project("{FAE04EC0-301F-11D3-BF4B-00C04F79EFBC}") = "VanHorn_Neo4J_Final", "VanHorn_Neo4J_Final\VanHorn_Neo4J_Final.csproj", "{E9635C34-E71A-4C15-A3A8-7D190B2AE924}"
EndProject
Global
	GlobalSection(SolutionConfigurationPlatforms) = preSolution
		Debug|Any CPU = Debug|Any CPU
		Release|Any CPU = Release|Any CPU
	EndGlobalSection
	GlobalSection(ProjectConfigurationPlatforms) = postSolution
		{E9635C34-E71A-4C15-A3A8-7D190B2AE924}.Debug|Any CPU.ActiveCfg = Debug|Any CPU
		{E9635C34-E71A-4C15-A3A8-7D190B2AE924}.Debug|Any CPU.Build.0 = Debug|Any CPU
		{E9635C34-E71A-4C15-A3A8-7D190B2AE924}.Release|Any CPU.ActiveCfg = Release|Any CPU
		{E9635C34-E71A-4C15-A3A8-7D190B2AE924}.Release|Any CPU.Build.0 = Release|Any CPU
	EndGlobalSection
	GlobalSection(SolutionProperties) = preSolution
		HideSolutionNode = FALSE
	EndGlobalSection
	GlobalSection(ExtensibilityGlobals) = postSolution
		SolutionGuid = {E784A8C7-C03D-474E-BCE9-0E032DA7C12B}
	EndGlobalSection
EndGlobal
